// !$*UTF8*$!
{
	archiveVersion = 1;
	classes = {
	};
	objectVersion = 77;
	objects = {

/* Begin PBXContainerItemProxy section */
		906100632ECAC15400A4FBCA /* PBXContainerItemProxy */ = {
			isa = PBXContainerItemProxy;
			containerPortal = 9061004D2ECAC15100A4FBCA /* Project object */;
			proxyType = 1;
			remoteGlobalIDString = 906100542ECAC15100A4FBCA;
			remoteInfo = ClipBar;
		};
		9061006D2ECAC15500A4FBCA /* PBXContainerItemProxy */ = {
			isa = PBXContainerItemProxy;
			containerPortal = 9061004D2ECAC15100A4FBCA /* Project object */;
			proxyType = 1;
			remoteGlobalIDString = 906100542ECAC15100A4FBCA;
			remoteInfo = ClipBar;
		};
/* End PBXContainerItemProxy section */

/* Begin PBXFileReference section */
		906100552ECAC15100A4FBCA /* ClipBar.app */ = {isa = PBXFileReference; explicitFileType = wrapper.application; includeInIndex = 0; path = ClipBar.app; sourceTree = BUILT_PRODUCTS_DIR; };
		906100622ECAC15400A4FBCA /* ClipBarTests.xctest */ = {isa = PBXFileReference; explicitFileType = wrapper.cfbundle; includeInIndex = 0; path = ClipBarTests.xctest; sourceTree = BUILT_PRODUCTS_DIR; };
		9061006C2ECAC15500A4FBCA /* ClipBarUITests.xctest */ = {isa = PBXFileReference; explicitFileType = wrapper.cfbundle; includeInIndex = 0; path = ClipBarUITests.xctest; sourceTree = BUILT_PRODUCTS_DIR; };
		907DCE262ECB0EE6006BE10D /* .gitignore */ = {isa = PBXFileReference; lastKnownFileType = text; path = .gitignore; sourceTree = "<group>"; };
		907DCE272ECB0EE6006BE10D /* CONTRIBUTING.md */ = {isa = PBXFileReference; lastKnownFileType = net.daringfireball.markdown; path = CONTRIBUTING.md; sourceTree = "<group>"; };
		907DCE282ECB0EE6006BE10D /* LICENSE */ = {isa = PBXFileReference; lastKnownFileType = text; path = LICENSE; sourceTree = "<group>"; };
		907DCE292ECB0EE6006BE10D /* NOTICE */ = {isa = PBXFileReference; lastKnownFileType = text; path = NOTICE; sourceTree = "<group>"; };
		907DCE2A2ECB0EE6006BE10D /* README.md */ = {isa = PBXFileReference; lastKnownFileType = net.daringfireball.markdown; path = README.md; sourceTree = "<group>"; };
		907DCE2B2ECB0F45006BE10D /* pre-commit */ = {isa = PBXFileReference; lastKnownFileType = text; path = "pre-commit"; sourceTree = "<group>"; };
/* End PBXFileReference section */

/* Begin PBXFileSystemSynchronizedRootGroup section */
		906100572ECAC15100A4FBCA /* ClipBar */ = {
			isa = PBXFileSystemSynchronizedRootGroup;
			path = ClipBar;
			sourceTree = "<group>";
		};
		906100652ECAC15400A4FBCA /* ClipBarTests */ = {
			isa = PBXFileSystemSynchronizedRootGroup;
			path = ClipBarTests;
			sourceTree = "<group>";
		};
		9061006F2ECAC15500A4FBCA /* ClipBarUITests */ = {
			isa = PBXFileSystemSynchronizedRootGroup;
			path = ClipBarUITests;
			sourceTree = "<group>";
		};
/* End PBXFileSystemSynchronizedRootGroup section */

/* Begin PBXFrameworksBuildPhase section */
		906100522ECAC15100A4FBCA /* Frameworks */ = {
			isa = PBXFrameworksBuildPhase;
			buildActionMask = 2147483647;
			files = (
			);
			runOnlyForDeploymentPostprocessing = 0;
		};
		9061005F2ECAC15400A4FBCA /* Frameworks */ = {
			isa = PBXFrameworksBuildPhase;
			buildActionMask = 2147483647;
			files = (
			);
			runOnlyForDeploymentPostprocessing = 0;
		};
		906100692ECAC15500A4FBCA /* Frameworks */ = {
			isa = PBXFrameworksBuildPhase;
			buildActionMask = 2147483647;
			files = (
			);
			runOnlyForDeploymentPostprocessing = 0;
		};
/* End PBXFrameworksBuildPhase section */

/* Begin PBXGroup section */
		9061004C2ECAC15100A4FBCA = {
			isa = PBXGroup;
			children = (
				907DCE2C2ECB0F45006BE10D /* .githooks */,
				906100572ECAC15100A4FBCA /* ClipBar */,
				906100652ECAC15400A4FBCA /* ClipBarTests */,
				9061006F2ECAC15500A4FBCA /* ClipBarUITests */,
				906100562ECAC15100A4FBCA /* Products */,
				907DCE262ECB0EE6006BE10D /* .gitignore */,
				907DCE272ECB0EE6006BE10D /* CONTRIBUTING.md */,
				907DCE282ECB0EE6006BE10D /* LICENSE */,
				907DCE292ECB0EE6006BE10D /* NOTICE */,
				907DCE2A2ECB0EE6006BE10D /* README.md */,
			);
			sourceTree = "<group>";
		};
		906100562ECAC15100A4FBCA /* Products */ = {
			isa = PBXGroup;
			children = (
				906100552ECAC15100A4FBCA /* ClipBar.app */,
				906100622ECAC15400A4FBCA /* ClipBarTests.xctest */,
				9061006C2ECAC15500A4FBCA /* ClipBarUITests.xctest */,
			);
			name = Products;
			sourceTree = "<group>";
		};
		907DCE2C2ECB0F45006BE10D /* .githooks */ = {
			isa = PBXGroup;
			children = (
				907DCE2B2ECB0F45006BE10D /* pre-commit */,
			);
			path = .githooks;
			sourceTree = "<group>";
		};
/* End PBXGroup section */

/* Begin PBXNativeTarget section */
		906100542ECAC15100A4FBCA /* ClipBar */ = {
			isa = PBXNativeTarget;
			buildConfigurationList = 906100762ECAC15500A4FBCA /* Build configuration list for PBXNativeTarget "ClipBar" */;
			buildPhases = (
				906100512ECAC15100A4FBCA /* Sources */,
				906100522ECAC15100A4FBCA /* Frameworks */,
				906100532ECAC15100A4FBCA /* Resources */,
			);
			buildRules = (
			);
			dependencies = (
			);
			fileSystemSynchronizedGroups = (
				906100572ECAC15100A4FBCA /* ClipBar */,
			);
			name = ClipBar;
			packageProductDependencies = (
			);
			productName = ClipBar;
			productReference = 906100552ECAC15100A4FBCA /* ClipBar.app */;
			productType = "com.apple.product-type.application";
		};
		906100612ECAC15400A4FBCA /* ClipBarTests */ = {
			isa = PBXNativeTarget;
			buildConfigurationList = 906100792ECAC15500A4FBCA /* Build configuration list for PBXNativeTarget "ClipBarTests" */;
			buildPhases = (
				9061005E2ECAC15400A4FBCA /* Sources */,
				9061005F2ECAC15400A4FBCA /* Frameworks */,
				906100602ECAC15400A4FBCA /* Resources */,
			);
			buildRules = (
			);
			dependencies = (
				906100642ECAC15400A4FBCA /* PBXTargetDependency */,
			);
			fileSystemSynchronizedGroups = (
				906100652ECAC15400A4FBCA /* ClipBarTests */,
			);
			name = ClipBarTests;
			packageProductDependencies = (
			);
			productName = ClipBarTests;
			productReference = 906100622ECAC15400A4FBCA /* ClipBarTests.xctest */;
			productType = "com.apple.product-type.bundle.unit-test";
		};
		9061006B2ECAC15500A4FBCA /* ClipBarUITests */ = {
			isa = PBXNativeTarget;
			buildConfigurationList = 9061007C2ECAC15500A4FBCA /* Build configuration list for PBXNativeTarget "ClipBarUITests" */;
			buildPhases = (
				906100682ECAC15500A4FBCA /* Sources */,
				906100692ECAC15500A4FBCA /* Frameworks */,
				9061006A2ECAC15500A4FBCA /* Resources */,
			);
			buildRules = (
			);
			dependencies = (
				9061006E2ECAC15500A4FBCA /* PBXTargetDependency */,
			);
			fileSystemSynchronizedGroups = (
				9061006F2ECAC15500A4FBCA /* ClipBarUITests */,
			);
			name = ClipBarUITests;
			packageProductDependencies = (
			);
			productName = ClipBarUITests;
			productReference = 9061006C2ECAC15500A4FBCA /* ClipBarUITests.xctest */;
			productType = "com.apple.product-type.bundle.ui-testing";
		};
/* End PBXNativeTarget section */

/* Begin PBXProject section */
		9061004D2ECAC15100A4FBCA /* Project object */ = {
			isa = PBXProject;
			attributes = {
				BuildIndependentTargetsInParallel = 1;
				LastSwiftUpdateCheck = 2600;
				LastUpgradeCheck = 2600;
				TargetAttributes = {
					906100542ECAC15100A4FBCA = {
						CreatedOnToolsVersion = 26.0.1;
					};
					906100612ECAC15400A4FBCA = {
						CreatedOnToolsVersion = 26.0.1;
						TestTargetID = 906100542ECAC15100A4FBCA;
					};
					9061006B2ECAC15500A4FBCA = {
						CreatedOnToolsVersion = 26.0.1;
						TestTargetID = 906100542ECAC15100A4FBCA;
					};
				};
			};
			buildConfigurationList = 906100502ECAC15100A4FBCA /* Build configuration list for PBXProject "ClipBar" */;
			developmentRegion = en;
			hasScannedForEncodings = 0;
			knownRegions = (
				en,
				Base,
			);
			mainGroup = 9061004C2ECAC15100A4FBCA;
			minimizedProjectReferenceProxies = 1;
			preferredProjectObjectVersion = 77;
			productRefGroup = 906100562ECAC15100A4FBCA /* Products */;
			projectDirPath = "";
			projectRoot = "";
			targets = (
				906100542ECAC15100A4FBCA /* ClipBar */,
				906100612ECAC15400A4FBCA /* ClipBarTests */,
				9061006B2ECAC15500A4FBCA /* ClipBarUITests */,
			);
		};
/* End PBXProject section */

/* Begin PBXResourcesBuildPhase section */
		906100532ECAC15100A4FBCA /* Resources */ = {
			isa = PBXResourcesBuildPhase;
			buildActionMask = 2147483647;
			files = (
			);
			runOnlyForDeploymentPostprocessing = 0;
		};
		906100602ECAC15400A4FBCA /* Resources */ = {
			isa = PBXResourcesBuildPhase;
			buildActionMask = 2147483647;
			files = (
			);
			runOnlyForDeploymentPostprocessing = 0;
		};
		9061006A2ECAC15500A4FBCA /* Resources */ = {
			isa = PBXResourcesBuildPhase;
			buildActionMask = 2147483647;
			files = (
			);
			runOnlyForDeploymentPostprocessing = 0;
		};
/* End PBXResourcesBuildPhase section */

/* Begin PBXSourcesBuildPhase section */
		906100512ECAC15100A4FBCA /* Sources */ = {
			isa = PBXSourcesBuildPhase;
			buildActionMask = 2147483647;
			files = (
			);
			runOnlyForDeploymentPostprocessing = 0;
		};
		9061005E2ECAC15400A4FBCA /* Sources */ = {
			isa = PBXSourcesBuildPhase;
			buildActionMask = 2147483647;
			files = (
			);
			runOnlyForDeploymentPostprocessing = 0;
		};
		906100682ECAC15500A4FBCA /* Sources */ = {
			isa = PBXSourcesBuildPhase;
			buildActionMask = 2147483647;
			files = (
			);
			runOnlyForDeploymentPostprocessing = 0;
		};
/* End PBXSourcesBuildPhase section */

/* Begin PBXTargetDependency section */
		906100642ECAC15400A4FBCA /* PBXTargetDependency */ = {
			isa = PBXTargetDependency;
			target = 906100542ECAC15100A4FBCA /* ClipBar */;
			targetProxy = 906100632ECAC15400A4FBCA /* PBXContainerItemProxy */;
		};
		9061006E2ECAC15500A4FBCA /* PBXTargetDependency */ = {
			isa = PBXTargetDependency;
			target = 906100542ECAC15100A4FBCA /* ClipBar */;
			targetProxy = 9061006D2ECAC15500A4FBCA /* PBXContainerItemProxy */;
		};
/* End PBXTargetDependency section */

/* Begin XCBuildConfiguration section */
		906100742ECAC15500A4FBCA /* Debug */ = {
			isa = XCBuildConfiguration;
			buildSettings = {
				ALWAYS_SEARCH_USER_PATHS = NO;
				ASSETCATALOG_COMPILER_GENERATE_SWIFT_ASSET_SYMBOL_EXTENSIONS = YES;
				CLANG_ANALYZER_NONNULL = YES;
				CLANG_ANALYZER_NUMBER_OBJECT_CONVERSION = YES_AGGRESSIVE;
				CLANG_CXX_LANGUAGE_STANDARD = "gnu++20";
				CLANG_ENABLE_MODULES = YES;
				CLANG_ENABLE_OBJC_ARC = YES;
				CLANG_ENABLE_OBJC_WEAK = YES;
				CLANG_WARN_BLOCK_CAPTURE_AUTORELEASING = YES;
				CLANG_WARN_BOOL_CONVERSION = YES;
				CLANG_WARN_COMMA = YES;
				CLANG_WARN_CONSTANT_CONVERSION = YES;
				CLANG_WARN_DEPRECATED_OBJC_IMPLEMENTATIONS = YES;
				CLANG_WARN_DIRECT_OBJC_ISA_USAGE = YES_ERROR;
				CLANG_WARN_DOCUMENTATION_COMMENTS = YES;
				CLANG_WARN_EMPTY_BODY = YES;
				CLANG_WARN_ENUM_CONVERSION = YES;
				CLANG_WARN_INFINITE_RECURSION = YES;
				CLANG_WARN_INT_CONVERSION = YES;
				CLANG_WARN_NON_LITERAL_NULL_CONVERSION = YES;
				CLANG_WARN_OBJC_IMPLICIT_RETAIN_SELF = YES;
				CLANG_WARN_OBJC_LITERAL_CONVERSION = YES;
				CLANG_WARN_OBJC_ROOT_CLASS = YES_ERROR;
				CLANG_WARN_QUOTED_INCLUDE_IN_FRAMEWORK_HEADER = YES;
				CLANG_WARN_RANGE_LOOP_ANALYSIS = YES;
				CLANG_WARN_STRICT_PROTOTYPES = YES;
				CLANG_WARN_SUSPICIOUS_MOVE = YES;
				CLANG_WARN_UNGUARDED_AVAILABILITY = YES_AGGRESSIVE;
				CLANG_WARN_UNREACHABLE_CODE = YES;
				CLANG_WARN__DUPLICATE_METHOD_MATCH = YES;
				COPY_PHASE_STRIP = NO;
				DEBUG_INFORMATION_FORMAT = dwarf;
				ENABLE_STRICT_OBJC_MSGSEND = YES;
				ENABLE_TESTABILITY = YES;
				ENABLE_USER_SCRIPT_SANDBOXING = YES;
				GCC_C_LANGUAGE_STANDARD = gnu17;
				GCC_DYNAMIC_NO_PIC = NO;
				GCC_NO_COMMON_BLOCKS = YES;
				GCC_OPTIMIZATION_LEVEL = 0;
				GCC_PREPROCESSOR_DEFINITIONS = (
					"DEBUG=1",
					"$(inherited)",
				);
				GCC_WARN_64_TO_32_BIT_CONVERSION = YES;
				GCC_WARN_ABOUT_RETURN_TYPE = YES_ERROR;
				GCC_WARN_UNDECLARED_SELECTOR = YES;
				GCC_WARN_UNINITIALIZED_AUTOS = YES_AGGRESSIVE;
				GCC_WARN_UNUSED_FUNCTION = YES;
				GCC_WARN_UNUSED_VARIABLE = YES;
				LOCALIZATION_PREFERS_STRING_CATALOGS = YES;
				MACOSX_DEPLOYMENT_TARGET = 26.0;
				MTL_ENABLE_DEBUG_INFO = INCLUDE_SOURCE;
				MTL_FAST_MATH = YES;
				ONLY_ACTIVE_ARCH = YES;
				SDKROOT = macosx;
				SWIFT_ACTIVE_COMPILATION_CONDITIONS = "DEBUG $(inherited)";
				SWIFT_OPTIMIZATION_LEVEL = "-Onone";
			};
			name = Debug;
		};
		906100752ECAC15500A4FBCA /* Release */ = {
			isa = XCBuildConfiguration;
			buildSettings = {
				ALWAYS_SEARCH_USER_PATHS = NO;
				ASSETCATALOG_COMPILER_GENERATE_SWIFT_ASSET_SYMBOL_EXTENSIONS = YES;
				CLANG_ANALYZER_NONNULL = YES;
				CLANG_ANALYZER_NUMBER_OBJECT_CONVERSION = YES_AGGRESSIVE;
				CLANG_CXX_LANGUAGE_STANDARD = "gnu++20";
				CLANG_ENABLE_MODULES = YES;
				CLANG_ENABLE_OBJC_ARC = YES;
				CLANG_ENABLE_OBJC_WEAK = YES;
				CLANG_WARN_BLOCK_CAPTURE_AUTORELEASING = YES;
				CLANG_WARN_BOOL_CONVERSION = YES;
				CLANG_WARN_COMMA = YES;
				CLANG_WARN_CONSTANT_CONVERSION = YES;
				CLANG_WARN_DEPRECATED_OBJC_IMPLEMENTATIONS = YES;
				CLANG_WARN_DIRECT_OBJC_ISA_USAGE = YES_ERROR;
				CLANG_WARN_DOCUMENTATION_COMMENTS = YES;
				CLANG_WARN_EMPTY_BODY = YES;
				CLANG_WARN_ENUM_CONVERSION = YES;
				CLANG_WARN_INFINITE_RECURSION = YES;
				CLANG_WARN_INT_CONVERSION = YES;
				CLANG_WARN_NON_LITERAL_NULL_CONVERSION = YES;
				CLANG_WARN_OBJC_IMPLICIT_RETAIN_SELF = YES;
				CLANG_WARN_OBJC_LITERAL_CONVERSION = YES;
				CLANG_WARN_OBJC_ROOT_CLASS = YES_ERROR;
				CLANG_WARN_QUOTED_INCLUDE_IN_FRAMEWORK_HEADER = YES;
				CLANG_WARN_RANGE_LOOP_ANALYSIS = YES;
				CLANG_WARN_STRICT_PROTOTYPES = YES;
				CLANG_WARN_SUSPICIOUS_MOVE = YES;
				CLANG_WARN_UNGUARDED_AVAILABILITY = YES_AGGRESSIVE;
				CLANG_WARN_UNREACHABLE_CODE = YES;
				CLANG_WARN__DUPLICATE_METHOD_MATCH = YES;
				COPY_PHASE_STRIP = NO;
				DEBUG_INFORMATION_FORMAT = "dwarf-with-dsym";
				ENABLE_NS_ASSERTIONS = NO;
				ENABLE_STRICT_OBJC_MSGSEND = YES;
				ENABLE_USER_SCRIPT_SANDBOXING = YES;
				GCC_C_LANGUAGE_STANDARD = gnu17;
				GCC_NO_COMMON_BLOCKS = YES;
				GCC_WARN_64_TO_32_BIT_CONVERSION = YES;
				GCC_WARN_ABOUT_RETURN_TYPE = YES_ERROR;
				GCC_WARN_UNDECLARED_SELECTOR = YES;
				GCC_WARN_UNINITIALIZED_AUTOS = YES_AGGRESSIVE;
				GCC_WARN_UNUSED_FUNCTION = YES;
				GCC_WARN_UNUSED_VARIABLE = YES;
				LOCALIZATION_PREFERS_STRING_CATALOGS = YES;
				MACOSX_DEPLOYMENT_TARGET = 26.0;
				MTL_ENABLE_DEBUG_INFO = NO;
				MTL_FAST_MATH = YES;
				SDKROOT = macosx;
				SWIFT_COMPILATION_MODE = wholemodule;
			};
			name = Release;
		};
		906100772ECAC15500A4FBCA /* Debug */ = {
			isa = XCBuildConfiguration;
			buildSettings = {
				ASSETCATALOG_COMPILER_APPICON_NAME = AppIcon;
				ASSETCATALOG_COMPILER_GLOBAL_ACCENT_COLOR_NAME = AccentColor;
				CODE_SIGN_STYLE = Automatic;
				COMBINE_HIDPI_IMAGES = YES;
				CURRENT_PROJECT_VERSION = 1;
				ENABLE_APP_SANDBOX = YES;
				ENABLE_PREVIEWS = YES;
				ENABLE_USER_SELECTED_FILES = readonly;
				GENERATE_INFOPLIST_FILE = YES;
				INFOPLIST_KEY_NSHumanReadableCopyright = "";
				LD_RUNPATH_SEARCH_PATHS = (
					"$(inherited)",
					"@executable_path/../Frameworks",
				);
				MARKETING_VERSION = 1.0;
				PRODUCT_BUNDLE_IDENTIFIER = tech.gengsa.ClipBar;
				PRODUCT_NAME = "$(TARGET_NAME)";
				REGISTER_APP_GROUPS = YES;
				STRING_CATALOG_GENERATE_SYMBOLS = YES;
				SWIFT_APPROACHABLE_CONCURRENCY = YES;
				SWIFT_DEFAULT_ACTOR_ISOLATION = MainActor;
				SWIFT_EMIT_LOC_STRINGS = YES;
				SWIFT_UPCOMING_FEATURE_MEMBER_IMPORT_VISIBILITY = YES;
				SWIFT_VERSION = 5.0;
			};
			name = Debug;
		};
		906100782ECAC15500A4FBCA /* Release */ = {
			isa = XCBuildConfiguration;
			buildSettings = {
				ASSETCATALOG_COMPILER_APPICON_NAME = AppIcon;
				ASSETCATALOG_COMPILER_GLOBAL_ACCENT_COLOR_NAME = AccentColor;
				CODE_SIGN_STYLE = Automatic;
				COMBINE_HIDPI_IMAGES = YES;
				CURRENT_PROJECT_VERSION = 1;
				ENABLE_APP_SANDBOX = YES;
				ENABLE_PREVIEWS = YES;
				ENABLE_USER_SELECTED_FILES = readonly;
				GENERATE_INFOPLIST_FILE = YES;
				INFOPLIST_KEY_NSHumanReadableCopyright = "";
				LD_RUNPATH_SEARCH_PATHS = (
					"$(inherited)",
					"@executable_path/../Frameworks",
				);
				MARKETING_VERSION = 1.0;
				PRODUCT_BUNDLE_IDENTIFIER = tech.gengsa.ClipBar;
				PRODUCT_NAME = "$(TARGET_NAME)";
				REGISTER_APP_GROUPS = YES;
				STRING_CATALOG_GENERATE_SYMBOLS = YES;
				SWIFT_APPROACHABLE_CONCURRENCY = YES;
				SWIFT_DEFAULT_ACTOR_ISOLATION = MainActor;
				SWIFT_EMIT_LOC_STRINGS = YES;
				SWIFT_UPCOMING_FEATURE_MEMBER_IMPORT_VISIBILITY = YES;
				SWIFT_VERSION = 5.0;
			};
			name = Release;
		};
		9061007A2ECAC15500A4FBCA /* Debug */ = {
			isa = XCBuildConfiguration;
			buildSettings = {
				BUNDLE_LOADER = "$(TEST_HOST)";
				CODE_SIGN_STYLE = Automatic;
				CURRENT_PROJECT_VERSION = 1;
				GENERATE_INFOPLIST_FILE = YES;
				MACOSX_DEPLOYMENT_TARGET = 26.0;
				MARKETING_VERSION = 1.0;
				PRODUCT_BUNDLE_IDENTIFIER = tech.gengsa.ClipBarTests;
				PRODUCT_NAME = "$(TARGET_NAME)";
				STRING_CATALOG_GENERATE_SYMBOLS = NO;
				SWIFT_APPROACHABLE_CONCURRENCY = YES;
				SWIFT_EMIT_LOC_STRINGS = NO;
				SWIFT_UPCOMING_FEATURE_MEMBER_IMPORT_VISIBILITY = YES;
				SWIFT_VERSION = 5.0;
				TEST_HOST = "$(BUILT_PRODUCTS_DIR)/ClipBar.app/$(BUNDLE_EXECUTABLE_FOLDER_PATH)/ClipBar";
			};
			name = Debug;
		};
		9061007B2ECAC15500A4FBCA /* Release */ = {
			isa = XCBuildConfiguration;
			buildSettings = {
				BUNDLE_LOADER = "$(TEST_HOST)";
				CODE_SIGN_STYLE = Automatic;
				CURRENT_PROJECT_VERSION = 1;
				GENERATE_INFOPLIST_FILE = YES;
				MACOSX_DEPLOYMENT_TARGET = 26.0;
				MARKETING_VERSION = 1.0;
				PRODUCT_BUNDLE_IDENTIFIER = tech.gengsa.ClipBarTests;
				PRODUCT_NAME = "$(TARGET_NAME)";
				STRING_CATALOG_GENERATE_SYMBOLS = NO;
				SWIFT_APPROACHABLE_CONCURRENCY = YES;
				SWIFT_EMIT_LOC_STRINGS = NO;
				SWIFT_UPCOMING_FEATURE_MEMBER_IMPORT_VISIBILITY = YES;
				SWIFT_VERSION = 5.0;
				TEST_HOST = "$(BUILT_PRODUCTS_DIR)/ClipBar.app/$(BUNDLE_EXECUTABLE_FOLDER_PATH)/ClipBar";
			};
			name = Release;
		};
		9061007D2ECAC15500A4FBCA /* Debug */ = {
			isa = XCBuildConfiguration;
			buildSettings = {
				CODE_SIGN_STYLE = Automatic;
				CURRENT_PROJECT_VERSION = 1;
				GENERATE_INFOPLIST_FILE = YES;
				MARKETING_VERSION = 1.0;
				PRODUCT_BUNDLE_IDENTIFIER = tech.gengsa.ClipBarUITests;
				PRODUCT_NAME = "$(TARGET_NAME)";
				STRING_CATALOG_GENERATE_SYMBOLS = NO;
				SWIFT_APPROACHABLE_CONCURRENCY = YES;
				SWIFT_EMIT_LOC_STRINGS = NO;
				SWIFT_UPCOMING_FEATURE_MEMBER_IMPORT_VISIBILITY = YES;
				SWIFT_VERSION = 5.0;
				TEST_TARGET_NAME = ClipBar;
			};
			name = Debug;
		};
		9061007E2ECAC15500A4FBCA /* Release */ = {
			isa = XCBuildConfiguration;
			buildSettings = {
				CODE_SIGN_STYLE = Automatic;
				CURRENT_PROJECT_VERSION = 1;
				GENERATE_INFOPLIST_FILE = YES;
				MARKETING_VERSION = 1.0;
				PRODUCT_BUNDLE_IDENTIFIER = tech.gengsa.ClipBarUITests;
				PRODUCT_NAME = "$(TARGET_NAME)";
				STRING_CATALOG_GENERATE_SYMBOLS = NO;
				SWIFT_APPROACHABLE_CONCURRENCY = YES;
				SWIFT_EMIT_LOC_STRINGS = NO;
				SWIFT_UPCOMING_FEATURE_MEMBER_IMPORT_VISIBILITY = YES;
				SWIFT_VERSION = 5.0;
				TEST_TARGET_NAME = ClipBar;
			};
			name = Release;
		};
/* End XCBuildConfiguration section */

/* Begin XCConfigurationList section */
		906100502ECAC15100A4FBCA /* Build configuration list for PBXProject "ClipBar" */ = {
			isa = XCConfigurationList;
			buildConfigurations = (
				906100742ECAC15500A4FBCA /* Debug */,
				906100752ECAC15500A4FBCA /* Release */,
			);
			defaultConfigurationIsVisible = 0;
			defaultConfigurationName = Release;
		};
		906100762ECAC15500A4FBCA /* Build configuration list for PBXNativeTarget "ClipBar" */ = {
			isa = XCConfigurationList;
			buildConfigurations = (
				906100772ECAC15500A4FBCA /* Debug */,
				906100782ECAC15500A4FBCA /* Release */,
			);
			defaultConfigurationIsVisible = 0;
			defaultConfigurationName = Release;
		};
		906100792ECAC15500A4FBCA /* Build configuration list for PBXNativeTarget "ClipBarTests" */ = {
			isa = XCConfigurationList;
			buildConfigurations = (
				9061007A2ECAC15500A4FBCA /* Debug */,
				9061007B2ECAC15500A4FBCA /* Release */,
			);
			defaultConfigurationIsVisible = 0;
			defaultConfigurationName = Release;
		};
		9061007C2ECAC15500A4FBCA /* Build configuration list for PBXNativeTarget "ClipBarUITests" */ = {
			isa = XCConfigurationList;
			buildConfigurations = (
				9061007D2ECAC15500A4FBCA /* Debug */,
				9061007E2ECAC15500A4FBCA /* Release */,
			);
			defaultConfigurationIsVisible = 0;
			defaultConfigurationName = Release;
		};
/* End XCConfigurationList section */
	};
	rootObject = 9061004D2ECAC15100A4FBCA /* Project object */;
}
